
Microsoft Visual Studio Solution File, Format Version 12.00
# Visual Studio Version 17
VisualStudioVersion = 17.11.35208.52
MinimumVisualStudioVersion = 10.0.40219.1
Project("{FAE04EC0-301F-11D3-BF4B-00C04F79EFBC}") = "Domain", "Domain\Domain.csproj", "{4DF37BEE-EF8F-4BFB-9564-ECA0FEDEB2CF}"
EndProject
Project("{FAE04EC0-301F-11D3-BF4B-00C04F79EFBC}") = "Infrastructure", "Infrastructure\Infrastructure.csproj", "{BD67B91D-E6E0-4414-B522-922AD3E5CFD2}"
EndProject
Project("{FAE04EC0-301F-11D3-BF4B-00C04F79EFBC}") = "API", "API\API.csproj", "{32DDCB21-4806-4C46-A97A-7ACB6B0382C7}"
EndProject
Project("{FAE04EC0-301F-11D3-BF4B-00C04F79EFBC}") = "Application", "Application\Application.csproj", "{27F5F1B6-CF2B-4BA2-836D-B10D82408F28}"
EndProject
Global
	GlobalSection(SolutionConfigurationPlatforms) = preSolution
		Debug|Any CPU = Debug|Any CPU
		Release|Any CPU = Release|Any CPU
	EndGlobalSection
	GlobalSection(ProjectConfigurationPlatforms) = postSolution
		{4DF37BEE-EF8F-4BFB-9564-ECA0FEDEB2CF}.Debug|Any CPU.ActiveCfg = Debug|Any CPU
		{4DF37BEE-EF8F-4BFB-9564-ECA0FEDEB2CF}.Debug|Any CPU.Build.0 = Debug|Any CPU
		{4DF37BEE-EF8F-4BFB-9564-ECA0FEDEB2CF}.Release|Any CPU.ActiveCfg = Release|Any CPU
		{4DF37BEE-EF8F-4BFB-9564-ECA0FEDEB2CF}.Release|Any CPU.Build.0 = Release|Any CPU
		{BD67B91D-E6E0-4414-B522-922AD3E5CFD2}.Debug|Any CPU.ActiveCfg = Debug|Any CPU
		{BD67B91D-E6E0-4414-B522-922AD3E5CFD2}.Debug|Any CPU.Build.0 = Debug|Any CPU
		{BD67B91D-E6E0-4414-B522-922AD3E5CFD2}.Release|Any CPU.ActiveCfg = Release|Any CPU
		{BD67B91D-E6E0-4414-B522-922AD3E5CFD2}.Release|Any CPU.Build.0 = Release|Any CPU
		{32DDCB21-4806-4C46-A97A-7ACB6B0382C7}.Debug|Any CPU.ActiveCfg = Debug|Any CPU
		{32DDCB21-4806-4C46-A97A-7ACB6B0382C7}.Debug|Any CPU.Build.0 = Debug|Any CPU
		{32DDCB21-4806-4C46-A97A-7ACB6B0382C7}.Release|Any CPU.ActiveCfg = Release|Any CPU
		{32DDCB21-4806-4C46-A97A-7ACB6B0382C7}.Release|Any CPU.Build.0 = Release|Any CPU
		{27F5F1B6-CF2B-4BA2-836D-B10D82408F28}.Debug|Any CPU.ActiveCfg = Debug|Any CPU
		{27F5F1B6-CF2B-4BA2-836D-B10D82408F28}.Debug|Any CPU.Build.0 = Debug|Any CPU
		{27F5F1B6-CF2B-4BA2-836D-B10D82408F28}.Release|Any CPU.ActiveCfg = Release|Any CPU
		{27F5F1B6-CF2B-4BA2-836D-B10D82408F28}.Release|Any CPU.Build.0 = Release|Any CPU
	EndGlobalSection
	GlobalSection(SolutionProperties) = preSolution
		HideSolutionNode = FALSE
	EndGlobalSection
	GlobalSection(ExtensibilityGlobals) = postSolution
		SolutionGuid = {16A2504B-CDC1-4CE5-BB64-6E53D82E5DF6}
	EndGlobalSection
EndGlobal
